
Microsoft Visual Studio Solution File, Format Version 12.00
# Visual Studio 14
VisualStudioVersion = 14.0.25420.1
MinimumVisualStudioVersion = 10.0.40219.1
Project("{FAE04EC0-301F-11D3-BF4B-00C04F79EFBC}") = "Measure_microscope", "Mesure_microscope\Measure_microscope.csproj", "{297A23F6-4C7F-4759-B5E9-FBAD3DE2F0CD}"
EndProject
Project("{FAE04EC0-301F-11D3-BF4B-00C04F79EFBC}") = "MeasureLibrary", "MeasureLibrary\MeasureLibrary.csproj", "{6660E1C5-1BFF-475F-A740-E8FA0B626C3D}"
EndProject
Global
	GlobalSection(SolutionConfigurationPlatforms) = preSolution
		Debug|Any CPU = Debug|Any CPU
		Release|Any CPU = Release|Any CPU
	EndGlobalSection
	GlobalSection(ProjectConfigurationPlatforms) = postSolution
		{297A23F6-4C7F-4759-B5E9-FBAD3DE2F0CD}.Debug|Any CPU.ActiveCfg = Debug|Any CPU
		{297A23F6-4C7F-4759-B5E9-FBAD3DE2F0CD}.Debug|Any CPU.Build.0 = Debug|Any CPU
		{297A23F6-4C7F-4759-B5E9-FBAD3DE2F0CD}.Release|Any CPU.ActiveCfg = Release|Any CPU
		{297A23F6-4C7F-4759-B5E9-FBAD3DE2F0CD}.Release|Any CPU.Build.0 = Release|Any CPU
		{6660E1C5-1BFF-475F-A740-E8FA0B626C3D}.Debug|Any CPU.ActiveCfg = Debug|Any CPU
		{6660E1C5-1BFF-475F-A740-E8FA0B626C3D}.Debug|Any CPU.Build.0 = Debug|Any CPU
		{6660E1C5-1BFF-475F-A740-E8FA0B626C3D}.Release|Any CPU.ActiveCfg = Release|Any CPU
		{6660E1C5-1BFF-475F-A740-E8FA0B626C3D}.Release|Any CPU.Build.0 = Release|Any CPU
	EndGlobalSection
	GlobalSection(SolutionProperties) = preSolution
		HideSolutionNode = FALSE
	EndGlobalSection
EndGlobal
